
Microsoft Visual Studio Solution File, Format Version 12.00
# Visual Studio Version 17
VisualStudioVersion = 17.0.31717.71
MinimumVisualStudioVersion = 10.0.40219.1
Project("{2150E333-8FDC-42A3-9474-1A3956D46DE8}") = "Solution Items", "Solution Items", "{B9BF53DF-2E20-44E5-AEE8-C53BA0F3EE67}"
	ProjectSection(SolutionItems) = preProject
		Build.props = Build.props
	EndProjectSection
EndProject
Project("{2150E333-8FDC-42A3-9474-1A3956D46DE8}") = "samples", "samples", "{21562DB8-4659-407E-AE4D-44D0817B7285}"
	ProjectSection(SolutionItems) = preProject
		samples\Directory.Build.props = samples\Directory.Build.props
	EndProjectSection
EndProject
Project("{9A19103F-16F7-4668-BE54-9A1E7A4F7556}") = "OidaAuth.Sample.App", "samples\OidaAuth.Sample.App\OidaAuth.Sample.App.csproj", "{58FC3315-9B20-48E2-B335-FB533DED0B81}"
EndProject
Project("{9A19103F-16F7-4668-BE54-9A1E7A4F7556}") = "OidaAuth.Sample.Api", "samples\OidaAuth.Sample.Api\OidaAuth.Sample.Api.csproj", "{6443F10B-26DB-41B9-ABC5-DFFEFFF33EF7}"
EndProject
Project("{2150E333-8FDC-42A3-9474-1A3956D46DE8}") = "test", "test", "{04AFCA1B-D813-4E6E-AC58-A485B03B151E}"
	ProjectSection(SolutionItems) = preProject
		test\Directory.Build.props = test\Directory.Build.props
	EndProjectSection
EndProject
Project("{9A19103F-16F7-4668-BE54-9A1E7A4F7556}") = "OidaAuth.Microsoft.Identity.Groups.Tests", "test\OidaAuth.Microsoft.Identity.Groups.Tests\OidaAuth.Microsoft.Identity.Groups.Tests.csproj", "{6FBC0B6A-D45C-4E22-ADCE-483742630942}"
EndProject
Project("{2150E333-8FDC-42A3-9474-1A3956D46DE8}") = "src", "src", "{8791049C-6313-4F25-91D7-F44E186F31BE}"
	ProjectSection(SolutionItems) = preProject
		src\Directory.Build.props = src\Directory.Build.props
	EndProjectSection
EndProject
Project("{9A19103F-16F7-4668-BE54-9A1E7A4F7556}") = "OidaAuth.Microsoft.Identity.Groups", "src\OidaAuth.Microsoft.Identity.Groups\OidaAuth.Microsoft.Identity.Groups.csproj", "{ED11A719-8FDD-4619-902E-A5B313FCE878}"
EndProject
Global
	GlobalSection(SolutionConfigurationPlatforms) = preSolution
		Debug|Any CPU = Debug|Any CPU
		Release|Any CPU = Release|Any CPU
	EndGlobalSection
	GlobalSection(ProjectConfigurationPlatforms) = postSolution
		{58FC3315-9B20-48E2-B335-FB533DED0B81}.Debug|Any CPU.ActiveCfg = Debug|Any CPU
		{58FC3315-9B20-48E2-B335-FB533DED0B81}.Debug|Any CPU.Build.0 = Debug|Any CPU
		{58FC3315-9B20-48E2-B335-FB533DED0B81}.Release|Any CPU.ActiveCfg = Release|Any CPU
		{58FC3315-9B20-48E2-B335-FB533DED0B81}.Release|Any CPU.Build.0 = Release|Any CPU
		{6443F10B-26DB-41B9-ABC5-DFFEFFF33EF7}.Debug|Any CPU.ActiveCfg = Debug|Any CPU
		{6443F10B-26DB-41B9-ABC5-DFFEFFF33EF7}.Debug|Any CPU.Build.0 = Debug|Any CPU
		{6443F10B-26DB-41B9-ABC5-DFFEFFF33EF7}.Release|Any CPU.ActiveCfg = Release|Any CPU
		{6443F10B-26DB-41B9-ABC5-DFFEFFF33EF7}.Release|Any CPU.Build.0 = Release|Any CPU
		{6FBC0B6A-D45C-4E22-ADCE-483742630942}.Debug|Any CPU.ActiveCfg = Debug|Any CPU
		{6FBC0B6A-D45C-4E22-ADCE-483742630942}.Debug|Any CPU.Build.0 = Debug|Any CPU
		{6FBC0B6A-D45C-4E22-ADCE-483742630942}.Release|Any CPU.ActiveCfg = Release|Any CPU
		{6FBC0B6A-D45C-4E22-ADCE-483742630942}.Release|Any CPU.Build.0 = Release|Any CPU
		{ED11A719-8FDD-4619-902E-A5B313FCE878}.Debug|Any CPU.ActiveCfg = Debug|Any CPU
		{ED11A719-8FDD-4619-902E-A5B313FCE878}.Debug|Any CPU.Build.0 = Debug|Any CPU
		{ED11A719-8FDD-4619-902E-A5B313FCE878}.Release|Any CPU.ActiveCfg = Release|Any CPU
		{ED11A719-8FDD-4619-902E-A5B313FCE878}.Release|Any CPU.Build.0 = Release|Any CPU
	EndGlobalSection
	GlobalSection(SolutionProperties) = preSolution
		HideSolutionNode = FALSE
	EndGlobalSection
	GlobalSection(NestedProjects) = preSolution
		{58FC3315-9B20-48E2-B335-FB533DED0B81} = {21562DB8-4659-407E-AE4D-44D0817B7285}
		{6443F10B-26DB-41B9-ABC5-DFFEFFF33EF7} = {21562DB8-4659-407E-AE4D-44D0817B7285}
		{6FBC0B6A-D45C-4E22-ADCE-483742630942} = {04AFCA1B-D813-4E6E-AC58-A485B03B151E}
		{ED11A719-8FDD-4619-902E-A5B313FCE878} = {8791049C-6313-4F25-91D7-F44E186F31BE}
	EndGlobalSection
	GlobalSection(ExtensibilityGlobals) = postSolution
		SolutionGuid = {89125B3E-9E18-42DB-A510-F20086291F36}
	EndGlobalSection
EndGlobal
